
Microsoft Visual Studio Solution File, Format Version 12.00
# Visual Studio Version 17
VisualStudioVersion = 17.9.34728.123
MinimumVisualStudioVersion = 10.0.40219.1
Project("{FAE04EC0-301F-11D3-BF4B-00C04F79EFBC}") = "StringExpressionCalculator.WebApi", "StringExpressionCalculator.WebApi\StringExpressionCalculator.WebApi.csproj", "{9F899E69-CBD1-48E8-8BB5-0C5152415216}"
EndProject
Project("{FAE04EC0-301F-11D3-BF4B-00C04F79EFBC}") = "StringExpressionCalculator.Domain", "StringExpressionCalculator.Domain\StringExpressionCalculator.Domain.csproj", "{B28C07D6-2405-43CB-8060-DB559C194FCD}"
EndProject
Project("{FAE04EC0-301F-11D3-BF4B-00C04F79EFBC}") = "StringExpressionCalculator.Tests", "StringExpressionCalculator.Tests\StringExpressionCalculator.Tests.csproj", "{010C7881-2096-4FB7-AAD6-B8EAD06DC0DB}"
EndProject
Global
	GlobalSection(SolutionConfigurationPlatforms) = preSolution
		Debug|Any CPU = Debug|Any CPU
		Release|Any CPU = Release|Any CPU
	EndGlobalSection
	GlobalSection(ProjectConfigurationPlatforms) = postSolution
		{9F899E69-CBD1-48E8-8BB5-0C5152415216}.Debug|Any CPU.ActiveCfg = Debug|Any CPU
		{9F899E69-CBD1-48E8-8BB5-0C5152415216}.Debug|Any CPU.Build.0 = Debug|Any CPU
		{9F899E69-CBD1-48E8-8BB5-0C5152415216}.Release|Any CPU.ActiveCfg = Release|Any CPU
		{9F899E69-CBD1-48E8-8BB5-0C5152415216}.Release|Any CPU.Build.0 = Release|Any CPU
		{B28C07D6-2405-43CB-8060-DB559C194FCD}.Debug|Any CPU.ActiveCfg = Debug|Any CPU
		{B28C07D6-2405-43CB-8060-DB559C194FCD}.Debug|Any CPU.Build.0 = Debug|Any CPU
		{B28C07D6-2405-43CB-8060-DB559C194FCD}.Release|Any CPU.ActiveCfg = Release|Any CPU
		{B28C07D6-2405-43CB-8060-DB559C194FCD}.Release|Any CPU.Build.0 = Release|Any CPU
		{010C7881-2096-4FB7-AAD6-B8EAD06DC0DB}.Debug|Any CPU.ActiveCfg = Debug|Any CPU
		{010C7881-2096-4FB7-AAD6-B8EAD06DC0DB}.Debug|Any CPU.Build.0 = Debug|Any CPU
		{010C7881-2096-4FB7-AAD6-B8EAD06DC0DB}.Release|Any CPU.ActiveCfg = Release|Any CPU
		{010C7881-2096-4FB7-AAD6-B8EAD06DC0DB}.Release|Any CPU.Build.0 = Release|Any CPU
	EndGlobalSection
	GlobalSection(SolutionProperties) = preSolution
		HideSolutionNode = FALSE
	EndGlobalSection
	GlobalSection(ExtensibilityGlobals) = postSolution
		SolutionGuid = {4C60FA55-CB35-44E9-B17C-0E545A254E31}
	EndGlobalSection
EndGlobal
